
Microsoft Visual Studio Solution File, Format Version 12.00
# Visual Studio Version 17
VisualStudioVersion = 17.3.32929.385
MinimumVisualStudioVersion = 10.0.40219.1
Project("{FAE04EC0-301F-11D3-BF4B-00C04F79EFBC}") = "CCModuleClient", "CCModuleClient\CCModuleClient.csproj", "{14DD9878-0533-49F5-9997-DDAE75B6BEC4}"
EndProject
Project("{FAE04EC0-301F-11D3-BF4B-00C04F79EFBC}") = "CCModuleServerOnly", "CCModuleServerOnly\CCModuleServerOnly.csproj", "{17F1166F-1F5B-4646-A73B-475094B496F7}"
EndProject
Project("{FAE04EC0-301F-11D3-BF4B-00C04F79EFBC}") = "ServerTests", "ServerTests\ServerTests.csproj", "{97EC62F2-0776-45AD-8096-D4513DEFF3F3}"
EndProject
Project("{FAE04EC0-301F-11D3-BF4B-00C04F79EFBC}") = "ClientUnitTests", "ClientUnitTests\ClientUnitTests.csproj", "{F4352780-572F-4D79-9943-3B19836351A2}"
EndProject
Project("{FAE04EC0-301F-11D3-BF4B-00C04F79EFBC}") = "ClientServerShared", "ClientServerShared\ClientServerShared.csproj", "{A0F4AA55-81C9-424A-BA82-F3106DD46DBE}"
EndProject
Project("{FAE04EC0-301F-11D3-BF4B-00C04F79EFBC}") = "ClientServerSharedTests", "ClientServerSharedTests\ClientServerSharedTests.csproj", "{B4678C9C-92B8-465B-85B9-3BF2A59ED97F}"
EndProject
Project("{FAE04EC0-301F-11D3-BF4B-00C04F79EFBC}") = "BannerlordWrapper", "BannerlordWrapper\BannerlordWrapper.csproj", "{19CBB9E4-1D30-43C5-BCF6-02A6210584C7}"
EndProject
Project("{9A19103F-16F7-4668-BE54-9A1E7A4F7556}") = "BannerlordWrapperNUnit", "BannerlordWrapperNUnit\BannerlordWrapperNUnit.csproj", "{3498ADAB-338F-425C-B7F1-EB4296687419}"
EndProject
Global
	GlobalSection(SolutionConfigurationPlatforms) = preSolution
		Debug|Any CPU = Debug|Any CPU
		Debug|x64 = Debug|x64
		Release|Any CPU = Release|Any CPU
		Release|x64 = Release|x64
	EndGlobalSection
	GlobalSection(ProjectConfigurationPlatforms) = postSolution
		{14DD9878-0533-49F5-9997-DDAE75B6BEC4}.Debug|Any CPU.ActiveCfg = Debug|Any CPU
		{14DD9878-0533-49F5-9997-DDAE75B6BEC4}.Debug|Any CPU.Build.0 = Debug|Any CPU
		{14DD9878-0533-49F5-9997-DDAE75B6BEC4}.Debug|x64.ActiveCfg = Debug|x64
		{14DD9878-0533-49F5-9997-DDAE75B6BEC4}.Debug|x64.Build.0 = Debug|x64
		{14DD9878-0533-49F5-9997-DDAE75B6BEC4}.Release|Any CPU.ActiveCfg = Release|Any CPU
		{14DD9878-0533-49F5-9997-DDAE75B6BEC4}.Release|Any CPU.Build.0 = Release|Any CPU
		{14DD9878-0533-49F5-9997-DDAE75B6BEC4}.Release|x64.ActiveCfg = Release|x64
		{14DD9878-0533-49F5-9997-DDAE75B6BEC4}.Release|x64.Build.0 = Release|x64
		{17F1166F-1F5B-4646-A73B-475094B496F7}.Debug|Any CPU.ActiveCfg = Debug|Any CPU
		{17F1166F-1F5B-4646-A73B-475094B496F7}.Debug|Any CPU.Build.0 = Debug|Any CPU
		{17F1166F-1F5B-4646-A73B-475094B496F7}.Debug|x64.ActiveCfg = Debug|x64
		{17F1166F-1F5B-4646-A73B-475094B496F7}.Debug|x64.Build.0 = Debug|x64
		{17F1166F-1F5B-4646-A73B-475094B496F7}.Release|Any CPU.ActiveCfg = Release|Any CPU
		{17F1166F-1F5B-4646-A73B-475094B496F7}.Release|Any CPU.Build.0 = Release|Any CPU
		{17F1166F-1F5B-4646-A73B-475094B496F7}.Release|x64.ActiveCfg = Release|x64
		{17F1166F-1F5B-4646-A73B-475094B496F7}.Release|x64.Build.0 = Release|x64
		{97EC62F2-0776-45AD-8096-D4513DEFF3F3}.Debug|Any CPU.ActiveCfg = Debug|Any CPU
		{97EC62F2-0776-45AD-8096-D4513DEFF3F3}.Debug|Any CPU.Build.0 = Debug|Any CPU
		{97EC62F2-0776-45AD-8096-D4513DEFF3F3}.Debug|x64.ActiveCfg = Debug|x64
		{97EC62F2-0776-45AD-8096-D4513DEFF3F3}.Debug|x64.Build.0 = Debug|x64
		{97EC62F2-0776-45AD-8096-D4513DEFF3F3}.Release|Any CPU.ActiveCfg = Release|Any CPU
		{97EC62F2-0776-45AD-8096-D4513DEFF3F3}.Release|Any CPU.Build.0 = Release|Any CPU
		{97EC62F2-0776-45AD-8096-D4513DEFF3F3}.Release|x64.ActiveCfg = Release|x64
		{97EC62F2-0776-45AD-8096-D4513DEFF3F3}.Release|x64.Build.0 = Release|x64
		{F4352780-572F-4D79-9943-3B19836351A2}.Debug|Any CPU.ActiveCfg = Debug|Any CPU
		{F4352780-572F-4D79-9943-3B19836351A2}.Debug|Any CPU.Build.0 = Debug|Any CPU
		{F4352780-572F-4D79-9943-3B19836351A2}.Debug|x64.ActiveCfg = Debug|x64
		{F4352780-572F-4D79-9943-3B19836351A2}.Debug|x64.Build.0 = Debug|x64
		{F4352780-572F-4D79-9943-3B19836351A2}.Release|Any CPU.ActiveCfg = Release|Any CPU
		{F4352780-572F-4D79-9943-3B19836351A2}.Release|Any CPU.Build.0 = Release|Any CPU
		{F4352780-572F-4D79-9943-3B19836351A2}.Release|x64.ActiveCfg = Release|x64
		{F4352780-572F-4D79-9943-3B19836351A2}.Release|x64.Build.0 = Release|x64
		{A0F4AA55-81C9-424A-BA82-F3106DD46DBE}.Debug|Any CPU.ActiveCfg = Debug|Any CPU
		{A0F4AA55-81C9-424A-BA82-F3106DD46DBE}.Debug|Any CPU.Build.0 = Debug|Any CPU
		{A0F4AA55-81C9-424A-BA82-F3106DD46DBE}.Debug|x64.ActiveCfg = Debug|x64
		{A0F4AA55-81C9-424A-BA82-F3106DD46DBE}.Debug|x64.Build.0 = Debug|x64
		{A0F4AA55-81C9-424A-BA82-F3106DD46DBE}.Release|Any CPU.ActiveCfg = Release|Any CPU
		{A0F4AA55-81C9-424A-BA82-F3106DD46DBE}.Release|Any CPU.Build.0 = Release|Any CPU
		{A0F4AA55-81C9-424A-BA82-F3106DD46DBE}.Release|x64.ActiveCfg = Release|Any CPU
		{A0F4AA55-81C9-424A-BA82-F3106DD46DBE}.Release|x64.Build.0 = Release|Any CPU
		{B4678C9C-92B8-465B-85B9-3BF2A59ED97F}.Debug|Any CPU.ActiveCfg = Debug|Any CPU
		{B4678C9C-92B8-465B-85B9-3BF2A59ED97F}.Debug|Any CPU.Build.0 = Debug|Any CPU
		{B4678C9C-92B8-465B-85B9-3BF2A59ED97F}.Debug|x64.ActiveCfg = Debug|x64
		{B4678C9C-92B8-465B-85B9-3BF2A59ED97F}.Debug|x64.Build.0 = Debug|x64
		{B4678C9C-92B8-465B-85B9-3BF2A59ED97F}.Release|Any CPU.ActiveCfg = Release|Any CPU
		{B4678C9C-92B8-465B-85B9-3BF2A59ED97F}.Release|Any CPU.Build.0 = Release|Any CPU
		{B4678C9C-92B8-465B-85B9-3BF2A59ED97F}.Release|x64.ActiveCfg = Release|Any CPU
		{B4678C9C-92B8-465B-85B9-3BF2A59ED97F}.Release|x64.Build.0 = Release|Any CPU
		{19CBB9E4-1D30-43C5-BCF6-02A6210584C7}.Debug|Any CPU.ActiveCfg = Debug|Any CPU
		{19CBB9E4-1D30-43C5-BCF6-02A6210584C7}.Debug|Any CPU.Build.0 = Debug|Any CPU
		{19CBB9E4-1D30-43C5-BCF6-02A6210584C7}.Debug|x64.ActiveCfg = Debug|x64
		{19CBB9E4-1D30-43C5-BCF6-02A6210584C7}.Debug|x64.Build.0 = Debug|x64
		{19CBB9E4-1D30-43C5-BCF6-02A6210584C7}.Release|Any CPU.ActiveCfg = Release|Any CPU
		{19CBB9E4-1D30-43C5-BCF6-02A6210584C7}.Release|Any CPU.Build.0 = Release|Any CPU
		{19CBB9E4-1D30-43C5-BCF6-02A6210584C7}.Release|x64.ActiveCfg = Release|Any CPU
		{19CBB9E4-1D30-43C5-BCF6-02A6210584C7}.Release|x64.Build.0 = Release|Any CPU
		{3498ADAB-338F-425C-B7F1-EB4296687419}.Debug|Any CPU.ActiveCfg = Debug|Any CPU
		{3498ADAB-338F-425C-B7F1-EB4296687419}.Debug|Any CPU.Build.0 = Debug|Any CPU
		{3498ADAB-338F-425C-B7F1-EB4296687419}.Debug|x64.ActiveCfg = Debug|x64
		{3498ADAB-338F-425C-B7F1-EB4296687419}.Debug|x64.Build.0 = Debug|x64
		{3498ADAB-338F-425C-B7F1-EB4296687419}.Release|Any CPU.ActiveCfg = Release|Any CPU
		{3498ADAB-338F-425C-B7F1-EB4296687419}.Release|Any CPU.Build.0 = Release|Any CPU
		{3498ADAB-338F-425C-B7F1-EB4296687419}.Release|x64.ActiveCfg = Release|Any CPU
		{3498ADAB-338F-425C-B7F1-EB4296687419}.Release|x64.Build.0 = Release|Any CPU
	EndGlobalSection
	GlobalSection(SolutionProperties) = preSolution
		HideSolutionNode = FALSE
	EndGlobalSection
	GlobalSection(ExtensibilityGlobals) = postSolution
		SolutionGuid = {A8DAF498-7A2F-4200-B5C6-7905829CDBF2}
	EndGlobalSection
EndGlobal
